// !$*UTF8*$!
{
	archiveVersion = 1;
	classes = {
	};
	objectVersion = 46;
	objects = {

/* Begin PBXBuildFile section */
		EEE32F041E00E8B200CE7CC1 /* main.m in Sources */ = {isa = PBXBuildFile; fileRef = EEE32F031E00E8B200CE7CC1 /* main.m */; };
		EEE32F071E00E8B200CE7CC1 /* AppDelegate.m in Sources */ = {isa = PBXBuildFile; fileRef = EEE32F061E00E8B200CE7CC1 /* AppDelegate.m */; };
		EEE32F0A1E00E8B200CE7CC1 /* FirstViewController.m in Sources */ = {isa = PBXBuildFile; fileRef = EEE32F091E00E8B200CE7CC1 /* FirstViewController.m */; };
		EEE32F0D1E00E8B200CE7CC1 /* SecondViewController.m in Sources */ = {isa = PBXBuildFile; fileRef = EEE32F0C1E00E8B200CE7CC1 /* SecondViewController.m */; };
		EEE32F101E00E8B200CE7CC1 /* Main.storyboard in Resources */ = {isa = PBXBuildFile; fileRef = EEE32F0E1E00E8B200CE7CC1 /* Main.storyboard */; };
		EEE32F121E00E8B300CE7CC1 /* Assets.xcassets in Resources */ = {isa = PBXBuildFile; fileRef = EEE32F111E00E8B300CE7CC1 /* Assets.xcassets */; };
		EEE32F151E00E8B300CE7CC1 /* LaunchScreen.storyboard in Resources */ = {isa = PBXBuildFile; fileRef = EEE32F131E00E8B300CE7CC1 /* LaunchScreen.storyboard */; };
		EEE32F221E00EB9D00CE7CC1 /* NSArrayIterator.m in Sources */ = {isa = PBXBuildFile; fileRef = EEE32F211E00EB9D00CE7CC1 /* NSArrayIterator.m */; };
/* End PBXBuildFile section */

/* Begin PBXFileReference section */
		EEE32EFF1E00E8B200CE7CC1 /* LLIterator.app */ = {isa = PBXFileReference; explicitFileType = wrapper.application; includeInIndex = 0; path = LLIterator.app; sourceTree = BUILT_PRODUCTS_DIR; };
		EEE32F031E00E8B200CE7CC1 /* main.m */ = {isa = PBXFileReference; lastKnownFileType = sourcecode.c.objc; path = main.m; sourceTree = "<group>"; };
		EEE32F051E00E8B200CE7CC1 /* AppDelegate.h */ = {isa = PBXFileReference; lastKnownFileType = sourcecode.c.h; path = AppDelegate.h; sourceTree = "<group>"; };
		EEE32F061E00E8B200CE7CC1 /* AppDelegate.m */ = {isa = PBXFileReference; lastKnownFileType = sourcecode.c.objc; path = AppDelegate.m; sourceTree = "<group>"; };
		EEE32F081E00E8B200CE7CC1 /* FirstViewController.h */ = {isa = PBXFileReference; lastKnownFileType = sourcecode.c.h; path = FirstViewController.h; sourceTree = "<group>"; };
		EEE32F091E00E8B200CE7CC1 /* FirstViewController.m */ = {isa = PBXFileReference; lastKnownFileType = sourcecode.c.objc; path = FirstViewController.m; sourceTree = "<group>"; };
		EEE32F0B1E00E8B200CE7CC1 /* SecondViewController.h */ = {isa = PBXFileReference; lastKnownFileType = sourcecode.c.h; path = SecondViewController.h; sourceTree = "<group>"; };
		EEE32F0C1E00E8B200CE7CC1 /* SecondViewController.m */ = {isa = PBXFileReference; lastKnownFileType = sourcecode.c.objc; path = SecondViewController.m; sourceTree = "<group>"; };
		EEE32F0F1E00E8B200CE7CC1 /* Base */ = {isa = PBXFileReference; lastKnownFileType = file.storyboard; name = Base; path = Base.lproj/Main.storyboard; sourceTree = "<group>"; };
		EEE32F111E00E8B300CE7CC1 /* Assets.xcassets */ = {isa = PBXFileReference; lastKnownFileType = folder.assetcatalog; path = Assets.xcassets; sourceTree = "<group>"; };
		EEE32F141E00E8B300CE7CC1 /* Base */ = {isa = PBXFileReference; lastKnownFileType = file.storyboard; name = Base; path = Base.lproj/LaunchScreen.storyboard; sourceTree = "<group>"; };
		EEE32F161E00E8B300CE7CC1 /* Info.plist */ = {isa = PBXFileReference; lastKnownFileType = text.plist.xml; path = Info.plist; sourceTree = "<group>"; };
		EEE32F201E00EB9D00CE7CC1 /* NSArrayIterator.h */ = {isa = PBXFileReference; fileEncoding = 4; lastKnownFileType = sourcecode.c.h; path = NSArrayIterator.h; sourceTree = "<group>"; };
		EEE32F211E00EB9D00CE7CC1 /* NSArrayIterator.m */ = {isa = PBXFileReference; fileEncoding = 4; lastKnownFileType = sourcecode.c.objc; path = NSArrayIterator.m; sourceTree = "<group>"; };
/* End PBXFileReference section */

/* Begin PBXFrameworksBuildPhase section */
		EEE32EFC1E00E8B200CE7CC1 /* Frameworks */ = {
			isa = PBXFrameworksBuildPhase;
			buildActionMask = 2147483647;
			files = (
			);
			runOnlyForDeploymentPostprocessing = 0;
		};
/* End PBXFrameworksBuildPhase section */

/* Begin PBXGroup section */
		EEE32EF61E00E8B200CE7CC1 = {
			isa = PBXGroup;
			children = (
				EEE32F011E00E8B200CE7CC1 /* LLIterator */,
				EEE32F001E00E8B200CE7CC1 /* Products */,
			);
			sourceTree = "<group>";
		};
		EEE32F001E00E8B200CE7CC1 /* Products */ = {
			isa = PBXGroup;
			children = (
				EEE32EFF1E00E8B200CE7CC1 /* LLIterator.app */,
			);
			name = Products;
			sourceTree = "<group>";
		};
		EEE32F011E00E8B200CE7CC1 /* LLIterator */ = {
			isa = PBXGroup;
			children = (
				EEE32F1C1E00E8C000CE7CC1 /* NSArrayIteror */,
				EEE32F051E00E8B200CE7CC1 /* AppDelegate.h */,
				EEE32F061E00E8B200CE7CC1 /* AppDelegate.m */,
				EEE32F081E00E8B200CE7CC1 /* FirstViewController.h */,
				EEE32F091E00E8B200CE7CC1 /* FirstViewController.m */,
				EEE32F0B1E00E8B200CE7CC1 /* SecondViewController.h */,
				EEE32F0C1E00E8B200CE7CC1 /* SecondViewController.m */,
				EEE32F0E1E00E8B200CE7CC1 /* Main.storyboard */,
				EEE32F111E00E8B300CE7CC1 /* Assets.xcassets */,
				EEE32F131E00E8B300CE7CC1 /* LaunchScreen.storyboard */,
				EEE32F161E00E8B300CE7CC1 /* Info.plist */,
				EEE32F021E00E8B200CE7CC1 /* Supporting Files */,
			);
			path = LLIterator;
			sourceTree = "<group>";
		};
		EEE32F021E00E8B200CE7CC1 /* Supporting Files */ = {
			isa = PBXGroup;
			children = (
				EEE32F031E00E8B200CE7CC1 /* main.m */,
			);
			name = "Supporting Files";
			sourceTree = "<group>";
		};
		EEE32F1C1E00E8C000CE7CC1 /* NSArrayIteror */ = {
			isa = PBXGroup;
			children = (
				EEE32F201E00EB9D00CE7CC1 /* NSArrayIterator.h */,
				EEE32F211E00EB9D00CE7CC1 /* NSArrayIterator.m */,
			);
			path = NSArrayIteror;
			sourceTree = "<group>";
		};
/* End PBXGroup section */

/* Begin PBXNativeTarget section */
		EEE32EFE1E00E8B200CE7CC1 /* LLIterator */ = {
			isa = PBXNativeTarget;
			buildConfigurationList = EEE32F191E00E8B300CE7CC1 /* Build configuration list for PBXNativeTarget "LLIterator" */;
			buildPhases = (
				EEE32EFB1E00E8B200CE7CC1 /* Sources */,
				EEE32EFC1E00E8B200CE7CC1 /* Frameworks */,
				EEE32EFD1E00E8B200CE7CC1 /* Resources */,
			);
			buildRules = (
			);
			dependencies = (
			);
			name = LLIterator;
			productName = LLIterator;
			productReference = EEE32EFF1E00E8B200CE7CC1 /* LLIterator.app */;
			productType = "com.apple.product-type.application";
		};
/* End PBXNativeTarget section */

/* Begin PBXProject section */
		EEE32EF71E00E8B200CE7CC1 /* Project object */ = {
			isa = PBXProject;
			attributes = {
				LastUpgradeCheck = 0800;
				ORGANIZATIONNAME = LeeFengHY;
				TargetAttributes = {
					EEE32EFE1E00E8B200CE7CC1 = {
						CreatedOnToolsVersion = 8.0;
						DevelopmentTeam = PDFNCJM5PL;
						ProvisioningStyle = Automatic;
					};
				};
			};
			buildConfigurationList = EEE32EFA1E00E8B200CE7CC1 /* Build configuration list for PBXProject "LLIterator" */;
			compatibilityVersion = "Xcode 3.2";
			developmentRegion = English;
			hasScannedForEncodings = 0;
			knownRegions = (
				en,
				Base,
			);
			mainGroup = EEE32EF61E00E8B200CE7CC1;
			productRefGroup = EEE32F001E00E8B200CE7CC1 /* Products */;
			projectDirPath = "";
			projectRoot = "";
			targets = (
				EEE32EFE1E00E8B200CE7CC1 /* LLIterator */,
			);
		};
/* End PBXProject section */

/* Begin PBXResourcesBuildPhase section */
		EEE32EFD1E00E8B200CE7CC1 /* Resources */ = {
			isa = PBXResourcesBuildPhase;
			buildActionMask = 2147483647;
			files = (
				EEE32F151E00E8B300CE7CC1 /* LaunchScreen.storyboard in Resources */,
				EEE32F121E00E8B300CE7CC1 /* Assets.xcassets in Resources */,
				EEE32F101E00E8B200CE7CC1 /* Main.storyboard in Resources */,
			);
			runOnlyForDeploymentPostprocessing = 0;
		};
/* End PBXResourcesBuildPhase section */

/* Begin PBXSourcesBuildPhase section */
		EEE32EFB1E00E8B200CE7CC1 /* Sources */ = {
			isa = PBXSourcesBuildPhase;
			buildActionMask = 2147483647;
			files = (
				EEE32F0D1E00E8B200CE7CC1 /* SecondViewController.m in Sources */,
				EEE32F071E00E8B200CE7CC1 /* AppDelegate.m in Sources */,
				EEE32F221E00EB9D00CE7CC1 /* NSArrayIterator.m in Sources */,
				EEE32F0A1E00E8B200CE7CC1 /* FirstViewController.m in Sources */,
				EEE32F041E00E8B200CE7CC1 /* main.m in Sources */,
			);
			runOnlyForDeploymentPostprocessing = 0;
		};
/* End PBXSourcesBuildPhase section */

/* Begin PBXVariantGroup section */
		EEE32F0E1E00E8B200CE7CC1 /* Main.storyboard */ = {
			isa = PBXVariantGroup;
			children = (
				EEE32F0F1E00E8B200CE7CC1 /* Base */,
			);
			name = Main.storyboard;
			sourceTree = "<group>";
		};
		EEE32F131E00E8B300CE7CC1 /* LaunchScreen.storyboard */ = {
			isa = PBXVariantGroup;
			children = (
				EEE32F141E00E8B300CE7CC1 /* Base */,
			);
			name = LaunchScreen.storyboard;
			sourceTree = "<group>";
		};
/* End PBXVariantGroup section */

/* Begin XCBuildConfiguration section */
		EEE32F171E00E8B300CE7CC1 /* Debug */ = {
			isa = XCBuildConfiguration;
			buildSettings = {
				ALWAYS_SEARCH_USER_PATHS = NO;
				CLANG_ANALYZER_NONNULL = YES;
				CLANG_CXX_LANGUAGE_STANDARD = "gnu++0x";
				CLANG_CXX_LIBRARY = "libc++";
				CLANG_ENABLE_MODULES = YES;
				CLANG_ENABLE_OBJC_ARC = YES;
				CLANG_WARN_BOOL_CONVERSION = YES;
				CLANG_WARN_CONSTANT_CONVERSION = YES;
				CLANG_WARN_DIRECT_OBJC_ISA_USAGE = YES_ERROR;
				CLANG_WARN_DOCUMENTATION_COMMENTS = YES;
				CLANG_WARN_EMPTY_BODY = YES;
				CLANG_WARN_ENUM_CONVERSION = YES;
				CLANG_WARN_INFINITE_RECURSION = YES;
				CLANG_WARN_INT_CONVERSION = YES;
				CLANG_WARN_OBJC_ROOT_CLASS = YES_ERROR;
				CLANG_WARN_SUSPICIOUS_MOVES = YES;
				CLANG_WARN_UNREACHABLE_CODE = YES;
				CLANG_WARN__DUPLICATE_METHOD_MATCH = YES;
				"CODE_SIGN_IDENTITY[sdk=iphoneos*]" = "iPhone Developer";
				COPY_PHASE_STRIP = NO;
				DEBUG_INFORMATION_FORMAT = dwarf;
				ENABLE_STRICT_OBJC_MSGSEND = YES;
				ENABLE_TESTABILITY = YES;
				GCC_C_LANGUAGE_STANDARD = gnu99;
				GCC_DYNAMIC_NO_PIC = NO;
				GCC_NO_COMMON_BLOCKS = YES;
				GCC_OPTIMIZATION_LEVEL = 0;
				GCC_PREPROCESSOR_DEFINITIONS = (
					"DEBUG=1",
					"$(inherited)",
				);
				GCC_WARN_64_TO_32_BIT_CONVERSION = YES;
				GCC_WARN_ABOUT_RETURN_TYPE = YES_ERROR;
				GCC_WARN_UNDECLARED_SELECTOR = YES;
				GCC_WARN_UNINITIALIZED_AUTOS = YES_AGGRESSIVE;
				GCC_WARN_UNUSED_FUNCTION = YES;
				GCC_WARN_UNUSED_VARIABLE = YES;
				IPHONEOS_DEPLOYMENT_TARGET = 10.0;
				MTL_ENABLE_DEBUG_INFO = YES;
				ONLY_ACTIVE_ARCH = YES;
				SDKROOT = iphoneos;
			};
			name = Debug;
		};
		EEE32F181E00E8B300CE7CC1 /* Release */ = {
			isa = XCBuildConfiguration;
			buildSettings = {
				ALWAYS_SEARCH_USER_PATHS = NO;
				CLANG_ANALYZER_NONNULL = YES;
				CLANG_CXX_LANGUAGE_STANDARD = "gnu++0x";
				CLANG_CXX_LIBRARY = "libc++";
				CLANG_ENABLE_MODULES = YES;
				CLANG_ENABLE_OBJC_ARC = YES;
				CLANG_WARN_BOOL_CONVERSION = YES;
				CLANG_WARN_CONSTANT_CONVERSION = YES;
				CLANG_WARN_DIRECT_OBJC_ISA_USAGE = YES_ERROR;
				CLANG_WARN_DOCUMENTATION_COMMENTS = YES;
				CLANG_WARN_EMPTY_BODY = YES;
				CLANG_WARN_ENUM_CONVERSION = YES;
				CLANG_WARN_INFINITE_RECURSION = YES;
				CLANG_WARN_INT_CONVERSION = YES;
				CLANG_WARN_OBJC_ROOT_CLASS = YES_ERROR;
				CLANG_WARN_SUSPICIOUS_MOVES = YES;
				CLANG_WARN_UNREACHABLE_CODE = YES;
				CLANG_WARN__DUPLICATE_METHOD_MATCH = YES;
				"CODE_SIGN_IDENTITY[sdk=iphoneos*]" = "iPhone Developer";
				COPY_PHASE_STRIP = NO;
				DEBUG_INFORMATION_FORMAT = "dwarf-with-dsym";
				ENABLE_NS_ASSERTIONS = NO;
				ENABLE_STRICT_OBJC_MSGSEND = YES;
				GCC_C_LANGUAGE_STANDARD = gnu99;
				GCC_NO_COMMON_BLOCKS = YES;
				GCC_WARN_64_TO_32_BIT_CONVERSION = YES;
				GCC_WARN_ABOUT_RETURN_TYPE = YES_ERROR;
				GCC_WARN_UNDECLARED_SELECTOR = YES;
				GCC_WARN_UNINITIALIZED_AUTOS = YES_AGGRESSIVE;
				GCC_WARN_UNUSED_FUNCTION = YES;
				GCC_WARN_UNUSED_VARIABLE = YES;
				IPHONEOS_DEPLOYMENT_TARGET = 10.0;
				MTL_ENABLE_DEBUG_INFO = NO;
				SDKROOT = iphoneos;
				VALIDATE_PRODUCT = YES;
			};
			name = Release;
		};
		EEE32F1A1E00E8B300CE7CC1 /* Debug */ = {
			isa = XCBuildConfiguration;
			buildSettings = {
				ASSETCATALOG_COMPILER_APPICON_NAME = AppIcon;
				DEVELOPMENT_TEAM = PDFNCJM5PL;
				INFOPLIST_FILE = LLIterator/Info.plist;
				LD_RUNPATH_SEARCH_PATHS = "$(inherited) @executable_path/Frameworks";
				PRODUCT_BUNDLE_IDENTIFIER = com.qfang.LLIterator;
				PRODUCT_NAME = "$(TARGET_NAME)";
			};
			name = Debug;
		};
		EEE32F1B1E00E8B300CE7CC1 /* Release */ = {
			isa = XCBuildConfiguration;
			buildSettings = {
				ASSETCATALOG_COMPILER_APPICON_NAME = AppIcon;
				DEVELOPMENT_TEAM = PDFNCJM5PL;
				INFOPLIST_FILE = LLIterator/Info.plist;
				LD_RUNPATH_SEARCH_PATHS = "$(inherited) @executable_path/Frameworks";
				PRODUCT_BUNDLE_IDENTIFIER = com.qfang.LLIterator;
				PRODUCT_NAME = "$(TARGET_NAME)";
			};
			name = Release;
		};
/* End XCBuildConfiguration section */

/* Begin XCConfigurationList section */
		EEE32EFA1E00E8B200CE7CC1 /* Build configuration list for PBXProject "LLIterator" */ = {
			isa = XCConfigurationList;
			buildConfigurations = (
				EEE32F171E00E8B300CE7CC1 /* Debug */,
				EEE32F181E00E8B300CE7CC1 /* Release */,
			);
			defaultConfigurationIsVisible = 0;
			defaultConfigurationName = Release;
		};
		EEE32F191E00E8B300CE7CC1 /* Build configuration list for PBXNativeTarget "LLIterator" */ = {
			isa = XCConfigurationList;
			buildConfigurations = (
				EEE32F1A1E00E8B300CE7CC1 /* Debug */,
				EEE32F1B1E00E8B300CE7CC1 /* Release */,
			);
			defaultConfigurationIsVisible = 0;
		};
/* End XCConfigurationList section */
	};
	rootObject = EEE32EF71E00E8B200CE7CC1 /* Project object */;
}
